// !$*UTF8*$!
{
	archiveVersion = 1;
	classes = {
	};
	objectVersion = 46;
	objects = {

/* Begin PBXBuildFile section */
		5F99E6431B5EE4C300295670 /* MapViewController.swift in Sources */ = {isa = PBXBuildFile; fileRef = 5F99E6421B5EE4C300295670 /* MapViewController.swift */; };
		5F99E6451B5FC85700295670 /* SignUpViewController.swift in Sources */ = {isa = PBXBuildFile; fileRef = 5F99E6441B5FC85700295670 /* SignUpViewController.swift */; };
		5F99E6471B5FC9E500295670 /* ViewControllerUtils.swift in Sources */ = {isa = PBXBuildFile; fileRef = 5F99E6461B5FC9E500295670 /* ViewControllerUtils.swift */; };
		5F99E6491B5FD1B000295670 /* SettingsViewController.swift in Sources */ = {isa = PBXBuildFile; fileRef = 5F99E6481B5FD1B000295670 /* SettingsViewController.swift */; };
		5FB4F9111B5E9D680021BAC0 /* AppDelegate.swift in Sources */ = {isa = PBXBuildFile; fileRef = 5FB4F9101B5E9D680021BAC0 /* AppDelegate.swift */; };
		5FB4F9131B5E9D680021BAC0 /* ViewController.swift in Sources */ = {isa = PBXBuildFile; fileRef = 5FB4F9121B5E9D680021BAC0 /* ViewController.swift */; };
		5FB4F9161B5E9D680021BAC0 /* Main.storyboard in Resources */ = {isa = PBXBuildFile; fileRef = 5FB4F9141B5E9D680021BAC0 /* Main.storyboard */; };
		5FB4F9181B5E9D680021BAC0 /* Images.xcassets in Resources */ = {isa = PBXBuildFile; fileRef = 5FB4F9171B5E9D680021BAC0 /* Images.xcassets */; };
		5FB4F91B1B5E9D680021BAC0 /* LaunchScreen.xib in Resources */ = {isa = PBXBuildFile; fileRef = 5FB4F9191B5E9D680021BAC0 /* LaunchScreen.xib */; };
		5FB4F9271B5E9D680021BAC0 /* SpotMeTests.swift in Sources */ = {isa = PBXBuildFile; fileRef = 5FB4F9261B5E9D680021BAC0 /* SpotMeTests.swift */; };
		5FE57A821B5EBAB200D0ED6C /* LoginViewController.swift in Sources */ = {isa = PBXBuildFile; fileRef = 5FE57A811B5EBAB200D0ED6C /* LoginViewController.swift */; };
		8CDFC7DF9CE47C6B97E2B35C /* libPods.a in Frameworks */ = {isa = PBXBuildFile; fileRef = 9F1D94E14DDBBF1AFFFBAF19 /* libPods.a */; };
/* End PBXBuildFile section */

/* Begin PBXContainerItemProxy section */
		5FB4F9211B5E9D680021BAC0 /* PBXContainerItemProxy */ = {
			isa = PBXContainerItemProxy;
			containerPortal = 5FB4F9031B5E9D680021BAC0 /* Project object */;
			proxyType = 1;
			remoteGlobalIDString = 5FB4F90A1B5E9D680021BAC0;
			remoteInfo = SpotMe;
		};
/* End PBXContainerItemProxy section */

/* Begin PBXFileReference section */
		5F99E6421B5EE4C300295670 /* MapViewController.swift */ = {isa = PBXFileReference; fileEncoding = 4; lastKnownFileType = sourcecode.swift; path = MapViewController.swift; sourceTree = "<group>"; };
		5F99E6441B5FC85700295670 /* SignUpViewController.swift */ = {isa = PBXFileReference; fileEncoding = 4; lastKnownFileType = sourcecode.swift; path = SignUpViewController.swift; sourceTree = "<group>"; };
		5F99E6461B5FC9E500295670 /* ViewControllerUtils.swift */ = {isa = PBXFileReference; fileEncoding = 4; lastKnownFileType = sourcecode.swift; path = ViewControllerUtils.swift; sourceTree = "<group>"; };
		5F99E6481B5FD1B000295670 /* SettingsViewController.swift */ = {isa = PBXFileReference; fileEncoding = 4; lastKnownFileType = sourcecode.swift; path = SettingsViewController.swift; sourceTree = "<group>"; };
		5FB4F90B1B5E9D680021BAC0 /* SpotMe.app */ = {isa = PBXFileReference; explicitFileType = wrapper.application; includeInIndex = 0; path = SpotMe.app; sourceTree = BUILT_PRODUCTS_DIR; };
		5FB4F90F1B5E9D680021BAC0 /* Info.plist */ = {isa = PBXFileReference; lastKnownFileType = text.plist.xml; path = Info.plist; sourceTree = "<group>"; };
		5FB4F9101B5E9D680021BAC0 /* AppDelegate.swift */ = {isa = PBXFileReference; lastKnownFileType = sourcecode.swift; path = AppDelegate.swift; sourceTree = "<group>"; };
		5FB4F9121B5E9D680021BAC0 /* ViewController.swift */ = {isa = PBXFileReference; lastKnownFileType = sourcecode.swift; path = ViewController.swift; sourceTree = "<group>"; };
		5FB4F9151B5E9D680021BAC0 /* Base */ = {isa = PBXFileReference; lastKnownFileType = file.storyboard; name = Base; path = Base.lproj/Main.storyboard; sourceTree = "<group>"; };
		5FB4F9171B5E9D680021BAC0 /* Images.xcassets */ = {isa = PBXFileReference; lastKnownFileType = folder.assetcatalog; path = Images.xcassets; sourceTree = "<group>"; };
		5FB4F91A1B5E9D680021BAC0 /* Base */ = {isa = PBXFileReference; lastKnownFileType = file.xib; name = Base; path = Base.lproj/LaunchScreen.xib; sourceTree = "<group>"; };
		5FB4F9201B5E9D680021BAC0 /* SpotMeTests.xctest */ = {isa = PBXFileReference; explicitFileType = wrapper.cfbundle; includeInIndex = 0; path = SpotMeTests.xctest; sourceTree = BUILT_PRODUCTS_DIR; };
		5FB4F9251B5E9D680021BAC0 /* Info.plist */ = {isa = PBXFileReference; lastKnownFileType = text.plist.xml; path = Info.plist; sourceTree = "<group>"; };
		5FB4F9261B5E9D680021BAC0 /* SpotMeTests.swift */ = {isa = PBXFileReference; lastKnownFileType = sourcecode.swift; path = SpotMeTests.swift; sourceTree = "<group>"; };
		5FB4F9301B5E9E250021BAC0 /* SpotMe-Bridging-Header.h */ = {isa = PBXFileReference; lastKnownFileType = sourcecode.c.h; path = "SpotMe-Bridging-Header.h"; sourceTree = "<group>"; };
		5FE57A811B5EBAB200D0ED6C /* LoginViewController.swift */ = {isa = PBXFileReference; fileEncoding = 4; lastKnownFileType = sourcecode.swift; path = LoginViewController.swift; sourceTree = "<group>"; };
		83F461C58B1662D1B7E2D23B /* Pods.debug.xcconfig */ = {isa = PBXFileReference; includeInIndex = 1; lastKnownFileType = text.xcconfig; name = Pods.debug.xcconfig; path = "Pods/Target Support Files/Pods/Pods.debug.xcconfig"; sourceTree = "<group>"; };
		8CA0540D17062F0A35EC1485 /* Pods.release.xcconfig */ = {isa = PBXFileReference; includeInIndex = 1; lastKnownFileType = text.xcconfig; name = Pods.release.xcconfig; path = "Pods/Target Support Files/Pods/Pods.release.xcconfig"; sourceTree = "<group>"; };
		9F1D94E14DDBBF1AFFFBAF19 /* libPods.a */ = {isa = PBXFileReference; explicitFileType = archive.ar; includeInIndex = 0; path = libPods.a; sourceTree = BUILT_PRODUCTS_DIR; };
/* End PBXFileReference section */

/* Begin PBXFrameworksBuildPhase section */
		5FB4F9081B5E9D680021BAC0 /* Frameworks */ = {
			isa = PBXFrameworksBuildPhase;
			buildActionMask = 2147483647;
			files = (
				8CDFC7DF9CE47C6B97E2B35C /* libPods.a in Frameworks */,
			);
			runOnlyForDeploymentPostprocessing = 0;
		};
		5FB4F91D1B5E9D680021BAC0 /* Frameworks */ = {
			isa = PBXFrameworksBuildPhase;
			buildActionMask = 2147483647;
			files = (
			);
			runOnlyForDeploymentPostprocessing = 0;
		};
/* End PBXFrameworksBuildPhase section */

/* Begin PBXGroup section */
		4DFDF985DA89BE4FD43463B5 /* Frameworks */ = {
			isa = PBXGroup;
			children = (
				9F1D94E14DDBBF1AFFFBAF19 /* libPods.a */,
			);
			name = Frameworks;
			sourceTree = "<group>";
		};
		5FB4F9021B5E9D680021BAC0 = {
			isa = PBXGroup;
			children = (
				5FB4F90D1B5E9D680021BAC0 /* SpotMe */,
				5FB4F9231B5E9D680021BAC0 /* SpotMeTests */,
				5FB4F90C1B5E9D680021BAC0 /* Products */,
				E0A1C67B98B18F1E2A604C78 /* Pods */,
				4DFDF985DA89BE4FD43463B5 /* Frameworks */,
			);
			sourceTree = "<group>";
		};
		5FB4F90C1B5E9D680021BAC0 /* Products */ = {
			isa = PBXGroup;
			children = (
				5FB4F90B1B5E9D680021BAC0 /* SpotMe.app */,
				5FB4F9201B5E9D680021BAC0 /* SpotMeTests.xctest */,
			);
			name = Products;
			sourceTree = "<group>";
		};
		5FB4F90D1B5E9D680021BAC0 /* SpotMe */ = {
			isa = PBXGroup;
			children = (
				5FB4F9101B5E9D680021BAC0 /* AppDelegate.swift */,
				5FB4F9121B5E9D680021BAC0 /* ViewController.swift */,
				5F99E6421B5EE4C300295670 /* MapViewController.swift */,
				5FE57A811B5EBAB200D0ED6C /* LoginViewController.swift */,
				5FB4F9141B5E9D680021BAC0 /* Main.storyboard */,
				5FB4F9171B5E9D680021BAC0 /* Images.xcassets */,
				5FB4F9191B5E9D680021BAC0 /* LaunchScreen.xib */,
				5FB4F90E1B5E9D680021BAC0 /* Supporting Files */,
				5FB4F9301B5E9E250021BAC0 /* SpotMe-Bridging-Header.h */,
				5F99E6441B5FC85700295670 /* SignUpViewController.swift */,
				5F99E6461B5FC9E500295670 /* ViewControllerUtils.swift */,
				5F99E6481B5FD1B000295670 /* SettingsViewController.swift */,
			);
			path = SpotMe;
			sourceTree = "<group>";
		};
		5FB4F90E1B5E9D680021BAC0 /* Supporting Files */ = {
			isa = PBXGroup;
			children = (
				5FB4F90F1B5E9D680021BAC0 /* Info.plist */,
			);
			name = "Supporting Files";
			sourceTree = "<group>";
		};
		5FB4F9231B5E9D680021BAC0 /* SpotMeTests */ = {
			isa = PBXGroup;
			children = (
				5FB4F9261B5E9D680021BAC0 /* SpotMeTests.swift */,
				5FB4F9241B5E9D680021BAC0 /* Supporting Files */,
			);
			path = SpotMeTests;
			sourceTree = "<group>";
		};
		5FB4F9241B5E9D680021BAC0 /* Supporting Files */ = {
			isa = PBXGroup;
			children = (
				5FB4F9251B5E9D680021BAC0 /* Info.plist */,
			);
			name = "Supporting Files";
			sourceTree = "<group>";
		};
		E0A1C67B98B18F1E2A604C78 /* Pods */ = {
			isa = PBXGroup;
			children = (
				83F461C58B1662D1B7E2D23B /* Pods.debug.xcconfig */,
				8CA0540D17062F0A35EC1485 /* Pods.release.xcconfig */,
			);
			name = Pods;
			sourceTree = "<group>";
		};
/* End PBXGroup section */

/* Begin PBXNativeTarget section */
		5FB4F90A1B5E9D680021BAC0 /* SpotMe */ = {
			isa = PBXNativeTarget;
			buildConfigurationList = 5FB4F92A1B5E9D680021BAC0 /* Build configuration list for PBXNativeTarget "SpotMe" */;
			buildPhases = (
				1EA1C99C5C34EA07B355E252 /* Check Pods Manifest.lock */,
				5FB4F9071B5E9D680021BAC0 /* Sources */,
				5FB4F9081B5E9D680021BAC0 /* Frameworks */,
				5FB4F9091B5E9D680021BAC0 /* Resources */,
				A4654AF91ABB76CA640CBDBE /* Copy Pods Resources */,
			);
			buildRules = (
			);
			dependencies = (
			);
			name = SpotMe;
			productName = SpotMe;
			productReference = 5FB4F90B1B5E9D680021BAC0 /* SpotMe.app */;
			productType = "com.apple.product-type.application";
		};
		5FB4F91F1B5E9D680021BAC0 /* SpotMeTests */ = {
			isa = PBXNativeTarget;
			buildConfigurationList = 5FB4F92D1B5E9D680021BAC0 /* Build configuration list for PBXNativeTarget "SpotMeTests" */;
			buildPhases = (
				5FB4F91C1B5E9D680021BAC0 /* Sources */,
				5FB4F91D1B5E9D680021BAC0 /* Frameworks */,
				5FB4F91E1B5E9D680021BAC0 /* Resources */,
			);
			buildRules = (
			);
			dependencies = (
				5FB4F9221B5E9D680021BAC0 /* PBXTargetDependency */,
			);
			name = SpotMeTests;
			productName = SpotMeTests;
			productReference = 5FB4F9201B5E9D680021BAC0 /* SpotMeTests.xctest */;
			productType = "com.apple.product-type.bundle.unit-test";
		};
/* End PBXNativeTarget section */

/* Begin PBXProject section */
		5FB4F9031B5E9D680021BAC0 /* Project object */ = {
			isa = PBXProject;
			attributes = {
				LastSwiftUpdateCheck = 0700;
				LastUpgradeCheck = 0640;
				ORGANIZATIONNAME = TeamD;
				TargetAttributes = {
					5FB4F90A1B5E9D680021BAC0 = {
						CreatedOnToolsVersion = 6.4;
					};
					5FB4F91F1B5E9D680021BAC0 = {
						CreatedOnToolsVersion = 6.4;
						TestTargetID = 5FB4F90A1B5E9D680021BAC0;
					};
				};
			};
			buildConfigurationList = 5FB4F9061B5E9D680021BAC0 /* Build configuration list for PBXProject "SpotMe" */;
			compatibilityVersion = "Xcode 3.2";
			developmentRegion = English;
			hasScannedForEncodings = 0;
			knownRegions = (
				en,
				Base,
			);
			mainGroup = 5FB4F9021B5E9D680021BAC0;
			productRefGroup = 5FB4F90C1B5E9D680021BAC0 /* Products */;
			projectDirPath = "";
			projectRoot = "";
			targets = (
				5FB4F90A1B5E9D680021BAC0 /* SpotMe */,
				5FB4F91F1B5E9D680021BAC0 /* SpotMeTests */,
			);
		};
/* End PBXProject section */

/* Begin PBXResourcesBuildPhase section */
		5FB4F9091B5E9D680021BAC0 /* Resources */ = {
			isa = PBXResourcesBuildPhase;
			buildActionMask = 2147483647;
			files = (
				5FB4F9161B5E9D680021BAC0 /* Main.storyboard in Resources */,
				5FB4F91B1B5E9D680021BAC0 /* LaunchScreen.xib in Resources */,
				5FB4F9181B5E9D680021BAC0 /* Images.xcassets in Resources */,
			);
			runOnlyForDeploymentPostprocessing = 0;
		};
		5FB4F91E1B5E9D680021BAC0 /* Resources */ = {
			isa = PBXResourcesBuildPhase;
			buildActionMask = 2147483647;
			files = (
			);
			runOnlyForDeploymentPostprocessing = 0;
		};
/* End PBXResourcesBuildPhase section */

/* Begin PBXShellScriptBuildPhase section */
		1EA1C99C5C34EA07B355E252 /* Check Pods Manifest.lock */ = {
			isa = PBXShellScriptBuildPhase;
			buildActionMask = 2147483647;
			files = (
			);
			inputPaths = (
			);
			name = "Check Pods Manifest.lock";
			outputPaths = (
			);
			runOnlyForDeploymentPostprocessing = 0;
			shellPath = /bin/sh;
			shellScript = "diff \"${PODS_ROOT}/../Podfile.lock\" \"${PODS_ROOT}/Manifest.lock\" > /dev/null\nif [[ $? != 0 ]] ; then\n    cat << EOM\nerror: The sandbox is not in sync with the Podfile.lock. Run 'pod install' or update your CocoaPods installation.\nEOM\n    exit 1\nfi\n";
			showEnvVarsInLog = 0;
		};
		A4654AF91ABB76CA640CBDBE /* Copy Pods Resources */ = {
			isa = PBXShellScriptBuildPhase;
			buildActionMask = 2147483647;
			files = (
			);
			inputPaths = (
			);
			name = "Copy Pods Resources";
			outputPaths = (
			);
			runOnlyForDeploymentPostprocessing = 0;
			shellPath = /bin/sh;
			shellScript = "\"${SRCROOT}/Pods/Target Support Files/Pods/Pods-resources.sh\"\n";
			showEnvVarsInLog = 0;
		};
/* End PBXShellScriptBuildPhase section */

/* Begin PBXSourcesBuildPhase section */
		5FB4F9071B5E9D680021BAC0 /* Sources */ = {
			isa = PBXSourcesBuildPhase;
			buildActionMask = 2147483647;
			files = (
				5FE57A821B5EBAB200D0ED6C /* LoginViewController.swift in Sources */,
				5FB4F9131B5E9D680021BAC0 /* ViewController.swift in Sources */,
				5F99E6491B5FD1B000295670 /* SettingsViewController.swift in Sources */,
				5F99E6471B5FC9E500295670 /* ViewControllerUtils.swift in Sources */,
				5FB4F9111B5E9D680021BAC0 /* AppDelegate.swift in Sources */,
				5F99E6431B5EE4C300295670 /* MapViewController.swift in Sources */,
				5F99E6451B5FC85700295670 /* SignUpViewController.swift in Sources */,
			);
			runOnlyForDeploymentPostprocessing = 0;
		};
		5FB4F91C1B5E9D680021BAC0 /* Sources */ = {
			isa = PBXSourcesBuildPhase;
			buildActionMask = 2147483647;
			files = (
				5FB4F9271B5E9D680021BAC0 /* SpotMeTests.swift in Sources */,
			);
			runOnlyForDeploymentPostprocessing = 0;
		};
/* End PBXSourcesBuildPhase section */

/* Begin PBXTargetDependency section */
		5FB4F9221B5E9D680021BAC0 /* PBXTargetDependency */ = {
			isa = PBXTargetDependency;
			target = 5FB4F90A1B5E9D680021BAC0 /* SpotMe */;
			targetProxy = 5FB4F9211B5E9D680021BAC0 /* PBXContainerItemProxy */;
		};
/* End PBXTargetDependency section */

/* Begin PBXVariantGroup section */
		5FB4F9141B5E9D680021BAC0 /* Main.storyboard */ = {
			isa = PBXVariantGroup;
			children = (
				5FB4F9151B5E9D680021BAC0 /* Base */,
			);
			name = Main.storyboard;
			sourceTree = "<group>";
		};
		5FB4F9191B5E9D680021BAC0 /* LaunchScreen.xib */ = {
			isa = PBXVariantGroup;
			children = (
				5FB4F91A1B5E9D680021BAC0 /* Base */,
			);
			name = LaunchScreen.xib;
			sourceTree = "<group>";
		};
/* End PBXVariantGroup section */

/* Begin XCBuildConfiguration section */
		5FB4F9281B5E9D680021BAC0 /* Debug */ = {
			isa = XCBuildConfiguration;
			buildSettings = {
				ALWAYS_SEARCH_USER_PATHS = NO;
				CLANG_CXX_LANGUAGE_STANDARD = "gnu++0x";
				CLANG_CXX_LIBRARY = "libc++";
				CLANG_ENABLE_MODULES = YES;
				CLANG_ENABLE_OBJC_ARC = YES;
				CLANG_WARN_BOOL_CONVERSION = YES;
				CLANG_WARN_CONSTANT_CONVERSION = YES;
				CLANG_WARN_DIRECT_OBJC_ISA_USAGE = YES_ERROR;
				CLANG_WARN_EMPTY_BODY = YES;
				CLANG_WARN_ENUM_CONVERSION = YES;
				CLANG_WARN_INT_CONVERSION = YES;
				CLANG_WARN_OBJC_ROOT_CLASS = YES_ERROR;
				CLANG_WARN_UNREACHABLE_CODE = YES;
				CLANG_WARN__DUPLICATE_METHOD_MATCH = YES;
				"CODE_SIGN_IDENTITY[sdk=iphoneos*]" = "iPhone Developer";
				COPY_PHASE_STRIP = NO;
				DEBUG_INFORMATION_FORMAT = "dwarf-with-dsym";
				ENABLE_STRICT_OBJC_MSGSEND = YES;
				GCC_C_LANGUAGE_STANDARD = gnu99;
				GCC_DYNAMIC_NO_PIC = NO;
				GCC_NO_COMMON_BLOCKS = YES;
				GCC_OPTIMIZATION_LEVEL = 0;
				GCC_PREPROCESSOR_DEFINITIONS = (
					"DEBUG=1",
					"$(inherited)",
				);
				GCC_SYMBOLS_PRIVATE_EXTERN = NO;
				GCC_WARN_64_TO_32_BIT_CONVERSION = YES;
				GCC_WARN_ABOUT_RETURN_TYPE = YES_ERROR;
				GCC_WARN_UNDECLARED_SELECTOR = YES;
				GCC_WARN_UNINITIALIZED_AUTOS = YES_AGGRESSIVE;
				GCC_WARN_UNUSED_FUNCTION = YES;
				GCC_WARN_UNUSED_VARIABLE = YES;
				IPHONEOS_DEPLOYMENT_TARGET = 8.4;
				MTL_ENABLE_DEBUG_INFO = YES;
				ONLY_ACTIVE_ARCH = YES;
				SDKROOT = iphoneos;
				SWIFT_OPTIMIZATION_LEVEL = "-Onone";
				TARGETED_DEVICE_FAMILY = "1,2";
			};
			name = Debug;
		};
		5FB4F9291B5E9D680021BAC0 /* Release */ = {
			isa = XCBuildConfiguration;
			buildSettings = {
				ALWAYS_SEARCH_USER_PATHS = NO;
				CLANG_CXX_LANGUAGE_STANDARD = "gnu++0x";
				CLANG_CXX_LIBRARY = "libc++";
				CLANG_ENABLE_MODULES = YES;
				CLANG_ENABLE_OBJC_ARC = YES;
				CLANG_WARN_BOOL_CONVERSION = YES;
				CLANG_WARN_CONSTANT_CONVERSION = YES;
				CLANG_WARN_DIRECT_OBJC_ISA_USAGE = YES_ERROR;
				CLANG_WARN_EMPTY_BODY = YES;
				CLANG_WARN_ENUM_CONVERSION = YES;
				CLANG_WARN_INT_CONVERSION = YES;
				CLANG_WARN_OBJC_ROOT_CLASS = YES_ERROR;
				CLANG_WARN_UNREACHABLE_CODE = YES;
				CLANG_WARN__DUPLICATE_METHOD_MATCH = YES;
				"CODE_SIGN_IDENTITY[sdk=iphoneos*]" = "iPhone Developer";
				COPY_PHASE_STRIP = NO;
				DEBUG_INFORMATION_FORMAT = "dwarf-with-dsym";
				ENABLE_NS_ASSERTIONS = NO;
				ENABLE_STRICT_OBJC_MSGSEND = YES;
				GCC_C_LANGUAGE_STANDARD = gnu99;
				GCC_NO_COMMON_BLOCKS = YES;
				GCC_WARN_64_TO_32_BIT_CONVERSION = YES;
				GCC_WARN_ABOUT_RETURN_TYPE = YES_ERROR;
				GCC_WARN_UNDECLARED_SELECTOR = YES;
				GCC_WARN_UNINITIALIZED_AUTOS = YES_AGGRESSIVE;
				GCC_WARN_UNUSED_FUNCTION = YES;
				GCC_WARN_UNUSED_VARIABLE = YES;
				IPHONEOS_DEPLOYMENT_TARGET = 8.4;
				MTL_ENABLE_DEBUG_INFO = NO;
				SDKROOT = iphoneos;
				TARGETED_DEVICE_FAMILY = "1,2";
				VALIDATE_PRODUCT = YES;
			};
			name = Release;
		};
		5FB4F92B1B5E9D680021BAC0 /* Debug */ = {
			isa = XCBuildConfiguration;
			baseConfigurationReference = 83F461C58B1662D1B7E2D23B /* Pods.debug.xcconfig */;
			buildSettings = {
				ASSETCATALOG_COMPILER_APPICON_NAME = AppIcon;
				CLANG_ENABLE_MODULES = YES;
				INFOPLIST_FILE = SpotMe/Info.plist;
				LD_RUNPATH_SEARCH_PATHS = "$(inherited) @executable_path/Frameworks";
				PRODUCT_NAME = "$(TARGET_NAME)";
				SWIFT_OBJC_BRIDGING_HEADER = "SpotMe/SpotMe-Bridging-Header.h";
				SWIFT_OPTIMIZATION_LEVEL = "-Onone";
			};
			name = Debug;
		};
		5FB4F92C1B5E9D680021BAC0 /* Release */ = {
			isa = XCBuildConfiguration;
			baseConfigurationReference = 8CA0540D17062F0A35EC1485 /* Pods.release.xcconfig */;
			buildSettings = {
				ASSETCATALOG_COMPILER_APPICON_NAME = AppIcon;
				CLANG_ENABLE_MODULES = YES;
				INFOPLIST_FILE = SpotMe/Info.plist;
				LD_RUNPATH_SEARCH_PATHS = "$(inherited) @executable_path/Frameworks";
				PRODUCT_NAME = "$(TARGET_NAME)";
				SWIFT_OBJC_BRIDGING_HEADER = "SpotMe/SpotMe-Bridging-Header.h";
			};
			name = Release;
		};
		5FB4F92E1B5E9D680021BAC0 /* Debug */ = {
			isa = XCBuildConfiguration;
			buildSettings = {
				BUNDLE_LOADER = "$(TEST_HOST)";
				FRAMEWORK_SEARCH_PATHS = (
					"$(SDKROOT)/Developer/Library/Frameworks",
					"$(inherited)",
				);
				GCC_PREPROCESSOR_DEFINITIONS = (
					"DEBUG=1",
					"$(inherited)",
				);
				INFOPLIST_FILE = SpotMeTests/Info.plist;
				LD_RUNPATH_SEARCH_PATHS = "$(inherited) @executable_path/Frameworks @loader_path/Frameworks";
				PRODUCT_NAME = "$(TARGET_NAME)";
				TEST_HOST = "$(BUILT_PRODUCTS_DIR)/SpotMe.app/SpotMe";
			};
			name = Debug;
		};
		5FB4F92F1B5E9D680021BAC0 /* Release */ = {
			isa = XCBuildConfiguration;
			buildSettings = {
				BUNDLE_LOADER = "$(TEST_HOST)";
				FRAMEWORK_SEARCH_PATHS = (
					"$(SDKROOT)/Developer/Library/Frameworks",
					"$(inherited)",
				);
				INFOPLIST_FILE = SpotMeTests/Info.plist;
				LD_RUNPATH_SEARCH_PATHS = "$(inherited) @executable_path/Frameworks @loader_path/Frameworks";
				PRODUCT_NAME = "$(TARGET_NAME)";
				TEST_HOST = "$(BUILT_PRODUCTS_DIR)/SpotMe.app/SpotMe";
			};
			name = Release;
		};
/* End XCBuildConfiguration section */

/* Begin XCConfigurationList section */
		5FB4F9061B5E9D680021BAC0 /* Build configuration list for PBXProject "SpotMe" */ = {
			isa = XCConfigurationList;
			buildConfigurations = (
				5FB4F9281B5E9D680021BAC0 /* Debug */,
				5FB4F9291B5E9D680021BAC0 /* Release */,
			);
			defaultConfigurationIsVisible = 0;
			defaultConfigurationName = Release;
		};
		5FB4F92A1B5E9D680021BAC0 /* Build configuration list for PBXNativeTarget "SpotMe" */ = {
			isa = XCConfigurationList;
			buildConfigurations = (
				5FB4F92B1B5E9D680021BAC0 /* Debug */,
				5FB4F92C1B5E9D680021BAC0 /* Release */,
			);
			defaultConfigurationIsVisible = 0;
			defaultConfigurationName = Release;
		};
		5FB4F92D1B5E9D680021BAC0 /* Build configuration list for PBXNativeTarget "SpotMeTests" */ = {
			isa = XCConfigurationList;
			buildConfigurations = (
				5FB4F92E1B5E9D680021BAC0 /* Debug */,
				5FB4F92F1B5E9D680021BAC0 /* Release */,
			);
			defaultConfigurationIsVisible = 0;
			defaultConfigurationName = Release;
		};
/* End XCConfigurationList section */
	};
	rootObject = 5FB4F9031B5E9D680021BAC0 /* Project object */;
}
